{
  "pins" : [
    {
      "identity" : "constraintbuilder",
      "kind" : "remoteSourceControl",
      "location" : "https://github.com/PimCoumans/ConstraintBuilder",
      "state" : {
        "revision" : "319a90310e00cd1856cfec471a65f01909a46c0b",
        "version" : "1.0.4"
      }
    }
  ],
  "version" : 2
}
