{
  "pins" : [
    {
      "identity" : "constraintbuilder",
      "kind" : "remoteSourceControl",
      "location" : "https://github.com/PimCoumans/ConstraintBuilder",
      "state" : {
        "revision" : "37126aeb4e2d769f99fd3f694ae67917e36098c9",
        "version" : "1.3.0"
      }
    }
  ],
  "version" : 2
}
