// !$*UTF8*$!
{
	archiveVersion = 1;
	classes = {
	};
	objectVersion = 55;
	objects = {

/* Begin PBXBuildFile section */
		3E15B84529E06D890064F009 /* ResizingViewController.swift in Sources */ = {isa = PBXBuildFile; fileRef = 3E15B84429E06D890064F009 /* ResizingViewController.swift */; };
		3ECA324D28AFEEBE000C82F1 /* AppDelegate.swift in Sources */ = {isa = PBXBuildFile; fileRef = 3ECA324C28AFEEBE000C82F1 /* AppDelegate.swift */; };
		3ECA324F28AFEEBE000C82F1 /* SceneDelegate.swift in Sources */ = {isa = PBXBuildFile; fileRef = 3ECA324E28AFEEBE000C82F1 /* SceneDelegate.swift */; };
		3ECA325128AFEEBE000C82F1 /* ViewController.swift in Sources */ = {isa = PBXBuildFile; fileRef = 3ECA325028AFEEBE000C82F1 /* ViewController.swift */; };
		3ECA325428AFEEBE000C82F1 /* Main.storyboard in Resources */ = {isa = PBXBuildFile; fileRef = 3ECA325228AFEEBE000C82F1 /* Main.storyboard */; };
		3ECA325628AFEEBE000C82F1 /* Assets.xcassets in Resources */ = {isa = PBXBuildFile; fileRef = 3ECA325528AFEEBE000C82F1 /* Assets.xcassets */; };
		3ECA325928AFEEBE000C82F1 /* LaunchScreen.storyboard in Resources */ = {isa = PBXBuildFile; fileRef = 3ECA325728AFEEBE000C82F1 /* LaunchScreen.storyboard */; };
		3ECA326428AFEF76000C82F1 /* PanelPresenter in Frameworks */ = {isa = PBXBuildFile; productRef = 3ECA326328AFEF76000C82F1 /* PanelPresenter */; };
		3ECA326A28AFEFA6000C82F1 /* TableViewController.swift in Sources */ = {isa = PBXBuildFile; fileRef = 3ECA326628AFEFA6000C82F1 /* TableViewController.swift */; };
		3ECA326B28AFEFA6000C82F1 /* SimpleViewController.swift in Sources */ = {isa = PBXBuildFile; fileRef = 3ECA326728AFEFA6000C82F1 /* SimpleViewController.swift */; };
		3ECA326C28AFEFA6000C82F1 /* UnsuspectingViewController.swift in Sources */ = {isa = PBXBuildFile; fileRef = 3ECA326828AFEFA6000C82F1 /* UnsuspectingViewController.swift */; };
		3ECA326D28AFEFA6000C82F1 /* StackViewController.swift in Sources */ = {isa = PBXBuildFile; fileRef = 3ECA326928AFEFA6000C82F1 /* StackViewController.swift */; };
/* End PBXBuildFile section */

/* Begin PBXFileReference section */
		3E15B84429E06D890064F009 /* ResizingViewController.swift */ = {isa = PBXFileReference; lastKnownFileType = sourcecode.swift; path = ResizingViewController.swift; sourceTree = "<group>"; };
		3ECA324928AFEEBE000C82F1 /* PanelPresenter-Sample.app */ = {isa = PBXFileReference; explicitFileType = wrapper.application; includeInIndex = 0; path = "PanelPresenter-Sample.app"; sourceTree = BUILT_PRODUCTS_DIR; };
		3ECA324C28AFEEBE000C82F1 /* AppDelegate.swift */ = {isa = PBXFileReference; lastKnownFileType = sourcecode.swift; path = AppDelegate.swift; sourceTree = "<group>"; };
		3ECA324E28AFEEBE000C82F1 /* SceneDelegate.swift */ = {isa = PBXFileReference; lastKnownFileType = sourcecode.swift; path = SceneDelegate.swift; sourceTree = "<group>"; };
		3ECA325028AFEEBE000C82F1 /* ViewController.swift */ = {isa = PBXFileReference; lastKnownFileType = sourcecode.swift; path = ViewController.swift; sourceTree = "<group>"; };
		3ECA325328AFEEBE000C82F1 /* Base */ = {isa = PBXFileReference; lastKnownFileType = file.storyboard; name = Base; path = Base.lproj/Main.storyboard; sourceTree = "<group>"; };
		3ECA325528AFEEBE000C82F1 /* Assets.xcassets */ = {isa = PBXFileReference; lastKnownFileType = folder.assetcatalog; path = Assets.xcassets; sourceTree = "<group>"; };
		3ECA325828AFEEBE000C82F1 /* Base */ = {isa = PBXFileReference; lastKnownFileType = file.storyboard; name = Base; path = Base.lproj/LaunchScreen.storyboard; sourceTree = "<group>"; };
		3ECA325A28AFEEBE000C82F1 /* Info.plist */ = {isa = PBXFileReference; lastKnownFileType = text.plist.xml; path = Info.plist; sourceTree = "<group>"; };
		3ECA326128AFEECE000C82F1 /* PanelPresenter */ = {isa = PBXFileReference; lastKnownFileType = wrapper; name = PanelPresenter; path = ../..; sourceTree = "<group>"; };
		3ECA326628AFEFA6000C82F1 /* TableViewController.swift */ = {isa = PBXFileReference; fileEncoding = 4; lastKnownFileType = sourcecode.swift; path = TableViewController.swift; sourceTree = "<group>"; };
		3ECA326728AFEFA6000C82F1 /* SimpleViewController.swift */ = {isa = PBXFileReference; fileEncoding = 4; lastKnownFileType = sourcecode.swift; path = SimpleViewController.swift; sourceTree = "<group>"; };
		3ECA326828AFEFA6000C82F1 /* UnsuspectingViewController.swift */ = {isa = PBXFileReference; fileEncoding = 4; lastKnownFileType = sourcecode.swift; path = UnsuspectingViewController.swift; sourceTree = "<group>"; };
		3ECA326928AFEFA6000C82F1 /* StackViewController.swift */ = {isa = PBXFileReference; fileEncoding = 4; lastKnownFileType = sourcecode.swift; path = StackViewController.swift; sourceTree = "<group>"; };
/* End PBXFileReference section */

/* Begin PBXFrameworksBuildPhase section */
		3ECA324628AFEEBE000C82F1 /* Frameworks */ = {
			isa = PBXFrameworksBuildPhase;
			buildActionMask = 2147483647;
			files = (
				3ECA326428AFEF76000C82F1 /* PanelPresenter in Frameworks */,
			);
			runOnlyForDeploymentPostprocessing = 0;
		};
/* End PBXFrameworksBuildPhase section */

/* Begin PBXGroup section */
		3ECA324028AFEEBE000C82F1 = {
			isa = PBXGroup;
			children = (
				3ECA326028AFEECE000C82F1 /* Packages */,
				3ECA324B28AFEEBE000C82F1 /* PanelPresenter-Sample */,
				3ECA324A28AFEEBE000C82F1 /* Products */,
				3ECA326228AFEF76000C82F1 /* Frameworks */,
			);
			sourceTree = "<group>";
		};
		3ECA324A28AFEEBE000C82F1 /* Products */ = {
			isa = PBXGroup;
			children = (
				3ECA324928AFEEBE000C82F1 /* PanelPresenter-Sample.app */,
			);
			name = Products;
			sourceTree = "<group>";
		};
		3ECA324B28AFEEBE000C82F1 /* PanelPresenter-Sample */ = {
			isa = PBXGroup;
			children = (
				3ECA326528AFEF89000C82F1 /* ViewControllers */,
				3ECA324C28AFEEBE000C82F1 /* AppDelegate.swift */,
				3ECA324E28AFEEBE000C82F1 /* SceneDelegate.swift */,
				3ECA325028AFEEBE000C82F1 /* ViewController.swift */,
				3ECA325228AFEEBE000C82F1 /* Main.storyboard */,
				3ECA325528AFEEBE000C82F1 /* Assets.xcassets */,
				3ECA325728AFEEBE000C82F1 /* LaunchScreen.storyboard */,
				3ECA325A28AFEEBE000C82F1 /* Info.plist */,
			);
			path = "PanelPresenter-Sample";
			sourceTree = "<group>";
		};
		3ECA326028AFEECE000C82F1 /* Packages */ = {
			isa = PBXGroup;
			children = (
				3ECA326128AFEECE000C82F1 /* PanelPresenter */,
			);
			name = Packages;
			sourceTree = "<group>";
		};
		3ECA326228AFEF76000C82F1 /* Frameworks */ = {
			isa = PBXGroup;
			children = (
			);
			name = Frameworks;
			sourceTree = "<group>";
		};
		3ECA326528AFEF89000C82F1 /* ViewControllers */ = {
			isa = PBXGroup;
			children = (
				3ECA326828AFEFA6000C82F1 /* UnsuspectingViewController.swift */,
				3ECA326728AFEFA6000C82F1 /* SimpleViewController.swift */,
				3ECA326928AFEFA6000C82F1 /* StackViewController.swift */,
				3ECA326628AFEFA6000C82F1 /* TableViewController.swift */,
				3E15B84429E06D890064F009 /* ResizingViewController.swift */,
			);
			path = ViewControllers;
			sourceTree = "<group>";
		};
/* End PBXGroup section */

/* Begin PBXNativeTarget section */
		3ECA324828AFEEBE000C82F1 /* PanelPresenter-Sample */ = {
			isa = PBXNativeTarget;
			buildConfigurationList = 3ECA325D28AFEEBE000C82F1 /* Build configuration list for PBXNativeTarget "PanelPresenter-Sample" */;
			buildPhases = (
				3ECA324528AFEEBE000C82F1 /* Sources */,
				3ECA324628AFEEBE000C82F1 /* Frameworks */,
				3ECA324728AFEEBE000C82F1 /* Resources */,
			);
			buildRules = (
			);
			dependencies = (
			);
			name = "PanelPresenter-Sample";
			packageProductDependencies = (
				3ECA326328AFEF76000C82F1 /* PanelPresenter */,
			);
			productName = "PanelPresenter-Sample";
			productReference = 3ECA324928AFEEBE000C82F1 /* PanelPresenter-Sample.app */;
			productType = "com.apple.product-type.application";
		};
/* End PBXNativeTarget section */

/* Begin PBXProject section */
		3ECA324128AFEEBE000C82F1 /* Project object */ = {
			isa = PBXProject;
			attributes = {
				BuildIndependentTargetsInParallel = 1;
				LastSwiftUpdateCheck = 1340;
				LastUpgradeCheck = 1340;
				TargetAttributes = {
					3ECA324828AFEEBE000C82F1 = {
						CreatedOnToolsVersion = 13.4;
					};
				};
			};
			buildConfigurationList = 3ECA324428AFEEBE000C82F1 /* Build configuration list for PBXProject "PanelPresenter-Sample" */;
			compatibilityVersion = "Xcode 13.0";
			developmentRegion = en;
			hasScannedForEncodings = 0;
			knownRegions = (
				en,
				Base,
			);
			mainGroup = 3ECA324028AFEEBE000C82F1;
			productRefGroup = 3ECA324A28AFEEBE000C82F1 /* Products */;
			projectDirPath = "";
			projectRoot = "";
			targets = (
				3ECA324828AFEEBE000C82F1 /* PanelPresenter-Sample */,
			);
		};
/* End PBXProject section */

/* Begin PBXResourcesBuildPhase section */
		3ECA324728AFEEBE000C82F1 /* Resources */ = {
			isa = PBXResourcesBuildPhase;
			buildActionMask = 2147483647;
			files = (
				3ECA325928AFEEBE000C82F1 /* LaunchScreen.storyboard in Resources */,
				3ECA325628AFEEBE000C82F1 /* Assets.xcassets in Resources */,
				3ECA325428AFEEBE000C82F1 /* Main.storyboard in Resources */,
			);
			runOnlyForDeploymentPostprocessing = 0;
		};
/* End PBXResourcesBuildPhase section */

/* Begin PBXSourcesBuildPhase section */
		3ECA324528AFEEBE000C82F1 /* Sources */ = {
			isa = PBXSourcesBuildPhase;
			buildActionMask = 2147483647;
			files = (
				3ECA326B28AFEFA6000C82F1 /* SimpleViewController.swift in Sources */,
				3E15B84529E06D890064F009 /* ResizingViewController.swift in Sources */,
				3ECA325128AFEEBE000C82F1 /* ViewController.swift in Sources */,
				3ECA326C28AFEFA6000C82F1 /* UnsuspectingViewController.swift in Sources */,
				3ECA326D28AFEFA6000C82F1 /* StackViewController.swift in Sources */,
				3ECA324D28AFEEBE000C82F1 /* AppDelegate.swift in Sources */,
				3ECA324F28AFEEBE000C82F1 /* SceneDelegate.swift in Sources */,
				3ECA326A28AFEFA6000C82F1 /* TableViewController.swift in Sources */,
			);
			runOnlyForDeploymentPostprocessing = 0;
		};
/* End PBXSourcesBuildPhase section */

/* Begin PBXVariantGroup section */
		3ECA325228AFEEBE000C82F1 /* Main.storyboard */ = {
			isa = PBXVariantGroup;
			children = (
				3ECA325328AFEEBE000C82F1 /* Base */,
			);
			name = Main.storyboard;
			sourceTree = "<group>";
		};
		3ECA325728AFEEBE000C82F1 /* LaunchScreen.storyboard */ = {
			isa = PBXVariantGroup;
			children = (
				3ECA325828AFEEBE000C82F1 /* Base */,
			);
			name = LaunchScreen.storyboard;
			sourceTree = "<group>";
		};
/* End PBXVariantGroup section */

/* Begin XCBuildConfiguration section */
		3ECA325B28AFEEBE000C82F1 /* Debug */ = {
			isa = XCBuildConfiguration;
			buildSettings = {
				ALWAYS_SEARCH_USER_PATHS = NO;
				CLANG_ANALYZER_NONNULL = YES;
				CLANG_ANALYZER_NUMBER_OBJECT_CONVERSION = YES_AGGRESSIVE;
				CLANG_CXX_LANGUAGE_STANDARD = "gnu++17";
				CLANG_ENABLE_MODULES = YES;
				CLANG_ENABLE_OBJC_ARC = YES;
				CLANG_ENABLE_OBJC_WEAK = YES;
				CLANG_WARN_BLOCK_CAPTURE_AUTORELEASING = YES;
				CLANG_WARN_BOOL_CONVERSION = YES;
				CLANG_WARN_COMMA = YES;
				CLANG_WARN_CONSTANT_CONVERSION = YES;
				CLANG_WARN_DEPRECATED_OBJC_IMPLEMENTATIONS = YES;
				CLANG_WARN_DIRECT_OBJC_ISA_USAGE = YES_ERROR;
				CLANG_WARN_DOCUMENTATION_COMMENTS = YES;
				CLANG_WARN_EMPTY_BODY = YES;
				CLANG_WARN_ENUM_CONVERSION = YES;
				CLANG_WARN_INFINITE_RECURSION = YES;
				CLANG_WARN_INT_CONVERSION = YES;
				CLANG_WARN_NON_LITERAL_NULL_CONVERSION = YES;
				CLANG_WARN_OBJC_IMPLICIT_RETAIN_SELF = YES;
				CLANG_WARN_OBJC_LITERAL_CONVERSION = YES;
				CLANG_WARN_OBJC_ROOT_CLASS = YES_ERROR;
				CLANG_WARN_QUOTED_INCLUDE_IN_FRAMEWORK_HEADER = YES;
				CLANG_WARN_RANGE_LOOP_ANALYSIS = YES;
				CLANG_WARN_STRICT_PROTOTYPES = YES;
				CLANG_WARN_SUSPICIOUS_MOVE = YES;
				CLANG_WARN_UNGUARDED_AVAILABILITY = YES_AGGRESSIVE;
				CLANG_WARN_UNREACHABLE_CODE = YES;
				CLANG_WARN__DUPLICATE_METHOD_MATCH = YES;
				COPY_PHASE_STRIP = NO;
				DEBUG_INFORMATION_FORMAT = dwarf;
				ENABLE_STRICT_OBJC_MSGSEND = YES;
				ENABLE_TESTABILITY = YES;
				GCC_C_LANGUAGE_STANDARD = gnu11;
				GCC_DYNAMIC_NO_PIC = NO;
				GCC_NO_COMMON_BLOCKS = YES;
				GCC_OPTIMIZATION_LEVEL = 0;
				GCC_PREPROCESSOR_DEFINITIONS = (
					"DEBUG=1",
					"$(inherited)",
				);
				GCC_WARN_64_TO_32_BIT_CONVERSION = YES;
				GCC_WARN_ABOUT_RETURN_TYPE = YES_ERROR;
				GCC_WARN_UNDECLARED_SELECTOR = YES;
				GCC_WARN_UNINITIALIZED_AUTOS = YES_AGGRESSIVE;
				GCC_WARN_UNUSED_FUNCTION = YES;
				GCC_WARN_UNUSED_VARIABLE = YES;
				IPHONEOS_DEPLOYMENT_TARGET = 15.5;
				MTL_ENABLE_DEBUG_INFO = INCLUDE_SOURCE;
				MTL_FAST_MATH = YES;
				ONLY_ACTIVE_ARCH = YES;
				SDKROOT = iphoneos;
				SWIFT_ACTIVE_COMPILATION_CONDITIONS = DEBUG;
				SWIFT_OPTIMIZATION_LEVEL = "-Onone";
			};
			name = Debug;
		};
		3ECA325C28AFEEBE000C82F1 /* Release */ = {
			isa = XCBuildConfiguration;
			buildSettings = {
				ALWAYS_SEARCH_USER_PATHS = NO;
				CLANG_ANALYZER_NONNULL = YES;
				CLANG_ANALYZER_NUMBER_OBJECT_CONVERSION = YES_AGGRESSIVE;
				CLANG_CXX_LANGUAGE_STANDARD = "gnu++17";
				CLANG_ENABLE_MODULES = YES;
				CLANG_ENABLE_OBJC_ARC = YES;
				CLANG_ENABLE_OBJC_WEAK = YES;
				CLANG_WARN_BLOCK_CAPTURE_AUTORELEASING = YES;
				CLANG_WARN_BOOL_CONVERSION = YES;
				CLANG_WARN_COMMA = YES;
				CLANG_WARN_CONSTANT_CONVERSION = YES;
				CLANG_WARN_DEPRECATED_OBJC_IMPLEMENTATIONS = YES;
				CLANG_WARN_DIRECT_OBJC_ISA_USAGE = YES_ERROR;
				CLANG_WARN_DOCUMENTATION_COMMENTS = YES;
				CLANG_WARN_EMPTY_BODY = YES;
				CLANG_WARN_ENUM_CONVERSION = YES;
				CLANG_WARN_INFINITE_RECURSION = YES;
				CLANG_WARN_INT_CONVERSION = YES;
				CLANG_WARN_NON_LITERAL_NULL_CONVERSION = YES;
				CLANG_WARN_OBJC_IMPLICIT_RETAIN_SELF = YES;
				CLANG_WARN_OBJC_LITERAL_CONVERSION = YES;
				CLANG_WARN_OBJC_ROOT_CLASS = YES_ERROR;
				CLANG_WARN_QUOTED_INCLUDE_IN_FRAMEWORK_HEADER = YES;
				CLANG_WARN_RANGE_LOOP_ANALYSIS = YES;
				CLANG_WARN_STRICT_PROTOTYPES = YES;
				CLANG_WARN_SUSPICIOUS_MOVE = YES;
				CLANG_WARN_UNGUARDED_AVAILABILITY = YES_AGGRESSIVE;
				CLANG_WARN_UNREACHABLE_CODE = YES;
				CLANG_WARN__DUPLICATE_METHOD_MATCH = YES;
				COPY_PHASE_STRIP = NO;
				DEBUG_INFORMATION_FORMAT = "dwarf-with-dsym";
				ENABLE_NS_ASSERTIONS = NO;
				ENABLE_STRICT_OBJC_MSGSEND = YES;
				GCC_C_LANGUAGE_STANDARD = gnu11;
				GCC_NO_COMMON_BLOCKS = YES;
				GCC_WARN_64_TO_32_BIT_CONVERSION = YES;
				GCC_WARN_ABOUT_RETURN_TYPE = YES_ERROR;
				GCC_WARN_UNDECLARED_SELECTOR = YES;
				GCC_WARN_UNINITIALIZED_AUTOS = YES_AGGRESSIVE;
				GCC_WARN_UNUSED_FUNCTION = YES;
				GCC_WARN_UNUSED_VARIABLE = YES;
				IPHONEOS_DEPLOYMENT_TARGET = 15.5;
				MTL_ENABLE_DEBUG_INFO = NO;
				MTL_FAST_MATH = YES;
				SDKROOT = iphoneos;
				SWIFT_COMPILATION_MODE = wholemodule;
				SWIFT_OPTIMIZATION_LEVEL = "-O";
				VALIDATE_PRODUCT = YES;
			};
			name = Release;
		};
		3ECA325E28AFEEBE000C82F1 /* Debug */ = {
			isa = XCBuildConfiguration;
			buildSettings = {
				ASSETCATALOG_COMPILER_APPICON_NAME = AppIcon;
				ASSETCATALOG_COMPILER_GLOBAL_ACCENT_COLOR_NAME = AccentColor;
				CODE_SIGN_STYLE = Automatic;
				CURRENT_PROJECT_VERSION = 1;
				DEVELOPMENT_TEAM = QB4G3AY8F8;
				GENERATE_INFOPLIST_FILE = YES;
				INFOPLIST_FILE = "PanelPresenter-Sample/Info.plist";
				INFOPLIST_KEY_UIApplicationSupportsIndirectInputEvents = YES;
				INFOPLIST_KEY_UILaunchStoryboardName = LaunchScreen;
				INFOPLIST_KEY_UIMainStoryboardFile = Main;
				INFOPLIST_KEY_UISupportedInterfaceOrientations_iPad = "UIInterfaceOrientationPortrait UIInterfaceOrientationPortraitUpsideDown UIInterfaceOrientationLandscapeLeft UIInterfaceOrientationLandscapeRight";
				INFOPLIST_KEY_UISupportedInterfaceOrientations_iPhone = "UIInterfaceOrientationPortrait UIInterfaceOrientationLandscapeLeft UIInterfaceOrientationLandscapeRight";
				LD_RUNPATH_SEARCH_PATHS = (
					"$(inherited)",
					"@executable_path/Frameworks",
				);
				MARKETING_VERSION = 1.0;
				PRODUCT_BUNDLE_IDENTIFIER = "nl.pixelrock.PanelPresenter-Sample";
				PRODUCT_NAME = "$(TARGET_NAME)";
				SWIFT_EMIT_LOC_STRINGS = YES;
				SWIFT_VERSION = 5.0;
				TARGETED_DEVICE_FAMILY = "1,2";
			};
			name = Debug;
		};
		3ECA325F28AFEEBE000C82F1 /* Release */ = {
			isa = XCBuildConfiguration;
			buildSettings = {
				ASSETCATALOG_COMPILER_APPICON_NAME = AppIcon;
				ASSETCATALOG_COMPILER_GLOBAL_ACCENT_COLOR_NAME = AccentColor;
				CODE_SIGN_STYLE = Automatic;
				CURRENT_PROJECT_VERSION = 1;
				DEVELOPMENT_TEAM = QB4G3AY8F8;
				GENERATE_INFOPLIST_FILE = YES;
				INFOPLIST_FILE = "PanelPresenter-Sample/Info.plist";
				INFOPLIST_KEY_UIApplicationSupportsIndirectInputEvents = YES;
				INFOPLIST_KEY_UILaunchStoryboardName = LaunchScreen;
				INFOPLIST_KEY_UIMainStoryboardFile = Main;
				INFOPLIST_KEY_UISupportedInterfaceOrientations_iPad = "UIInterfaceOrientationPortrait UIInterfaceOrientationPortraitUpsideDown UIInterfaceOrientationLandscapeLeft UIInterfaceOrientationLandscapeRight";
				INFOPLIST_KEY_UISupportedInterfaceOrientations_iPhone = "UIInterfaceOrientationPortrait UIInterfaceOrientationLandscapeLeft UIInterfaceOrientationLandscapeRight";
				LD_RUNPATH_SEARCH_PATHS = (
					"$(inherited)",
					"@executable_path/Frameworks",
				);
				MARKETING_VERSION = 1.0;
				PRODUCT_BUNDLE_IDENTIFIER = "nl.pixelrock.PanelPresenter-Sample";
				PRODUCT_NAME = "$(TARGET_NAME)";
				SWIFT_EMIT_LOC_STRINGS = YES;
				SWIFT_VERSION = 5.0;
				TARGETED_DEVICE_FAMILY = "1,2";
			};
			name = Release;
		};
/* End XCBuildConfiguration section */

/* Begin XCConfigurationList section */
		3ECA324428AFEEBE000C82F1 /* Build configuration list for PBXProject "PanelPresenter-Sample" */ = {
			isa = XCConfigurationList;
			buildConfigurations = (
				3ECA325B28AFEEBE000C82F1 /* Debug */,
				3ECA325C28AFEEBE000C82F1 /* Release */,
			);
			defaultConfigurationIsVisible = 0;
			defaultConfigurationName = Release;
		};
		3ECA325D28AFEEBE000C82F1 /* Build configuration list for PBXNativeTarget "PanelPresenter-Sample" */ = {
			isa = XCConfigurationList;
			buildConfigurations = (
				3ECA325E28AFEEBE000C82F1 /* Debug */,
				3ECA325F28AFEEBE000C82F1 /* Release */,
			);
			defaultConfigurationIsVisible = 0;
			defaultConfigurationName = Release;
		};
/* End XCConfigurationList section */

/* Begin XCSwiftPackageProductDependency section */
		3ECA326328AFEF76000C82F1 /* PanelPresenter */ = {
			isa = XCSwiftPackageProductDependency;
			productName = PanelPresenter;
		};
/* End XCSwiftPackageProductDependency section */
	};
	rootObject = 3ECA324128AFEEBE000C82F1 /* Project object */;
}
